PODS:
  - SwipeSelectingCollectionView (0.1.0)

DEPENDENCIES:
  - SwipeSelectingCollectionView (from `../`)

EXTERNAL SOURCES:
  SwipeSelectingCollectionView:
    :path: ../

SPEC CHECKSUMS:
  SwipeSelectingCollectionView: bbbde08af00f0fd2e1741763abb3a61c972c92bd

PODFILE CHECKSUM: 774f5aeeca732bc5bbda4e6cb0c312e01881fc63

COCOAPODS: 1.2.1
